
Microsoft Visual Studio Solution File, Format Version 12.00
# Visual Studio 15
VisualStudioVersion = 15.0.26124.0
MinimumVisualStudioVersion = 15.0.26124.0
Project("{2150E333-8FDC-42A3-9474-1A3956D46DE8}") = "src", "src", "{39D86230-87BF-41A0-9DE6-E93E1E745B72}"
EndProject
Project("{9A19103F-16F7-4668-BE54-9A1E7A4F7556}") = "App", "src\App\App.csproj", "{A9433D53-F8E2-4176-BE29-74FD1C2237FF}"
EndProject
Project("{9A19103F-16F7-4668-BE54-9A1E7A4F7556}") = "Data", "src\Data\Data.csproj", "{C50174B0-DAE2-4AEA-AF97-A84CA5351009}"
EndProject
Project("{9A19103F-16F7-4668-BE54-9A1E7A4F7556}") = "JNB", "src\JNB\JNB.csproj", "{56C40A3D-1F77-4BCA-8EF5-50FD6F5F1927}"
EndProject
Project("{9A19103F-16F7-4668-BE54-9A1E7A4F7556}") = "Models", "src\Models\Models.csproj", "{C79115AC-200B-424E-98F2-645CB9014825}"
EndProject
Project("{2150E333-8FDC-42A3-9474-1A3956D46DE8}") = "lib", "lib", "{6EA47F83-A4EE-4720-83C0-A4CDACE35072}"
EndProject
Project("{9A19103F-16F7-4668-BE54-9A1E7A4F7556}") = "OsLibCore", "lib\OsLibCore\OsLibCore.csproj", "{631B6608-72B2-4227-AEDD-D43894088C5A}"
EndProject
Project("{2150E333-8FDC-42A3-9474-1A3956D46DE8}") = "tests", "tests", "{FC732093-25CA-4E60-873B-904A1F37A95A}"
EndProject
Project("{9A19103F-16F7-4668-BE54-9A1E7A4F7556}") = "App.Tests", "tests\App\App.Tests.csproj", "{A54983A5-FACC-419E-8FEC-1193F68657F5}"
EndProject
Project("{9A19103F-16F7-4668-BE54-9A1E7A4F7556}") = "Data.Tests", "tests\Data\Data.Tests.csproj", "{8305A5D6-A9A0-4394-B637-3C5F41CA4FB5}"
EndProject
Project("{9A19103F-16F7-4668-BE54-9A1E7A4F7556}") = "Helpers.Tests", "tests\Helpers\Helpers.Tests.csproj", "{FF8B2DD5-A4D1-437F-AC9D-DF1F4277AB7F}"
EndProject
Project("{9A19103F-16F7-4668-BE54-9A1E7A4F7556}") = "Models.Tests", "tests\Models\Models.Tests.csproj", "{E109A32D-5035-429D-999D-0DB2C0022819}"
EndProject
Project("{9A19103F-16F7-4668-BE54-9A1E7A4F7556}") = "OsLibCore.Tests", "tests\OsLibCore\OsLibCore.Tests.csproj", "{EC53B6E5-0A99-45DD-9792-875236EFABCB}"
EndProject
Project("{9A19103F-16F7-4668-BE54-9A1E7A4F7556}") = "TB.Tests", "tests\TB\TB.Tests.csproj", "{6F73D5A7-BA60-4D54-9071-0726E0F09BC0}"
EndProject
Project("{9A19103F-16F7-4668-BE54-9A1E7A4F7556}") = "Helpers", "src\Helpers\Helpers.csproj", "{6DA05C6B-70B2-4305-AB21-EAF63CF116C2}"
EndProject
Project("{9A19103F-16F7-4668-BE54-9A1E7A4F7556}") = "DirScan", "src\DirScan\DirScan.csproj", "{56D943CA-AEBC-4D1B-A99A-83C6638D14F5}"
EndProject
Project("{9A19103F-16F7-4668-BE54-9A1E7A4F7556}") = "DirScan.Tests", "tests\DirScan\DirScan.Tests.csproj", "{CB382AAD-DAD2-4687-8998-A7CE4EAB3EC8}"
EndProject
Project("{9A19103F-16F7-4668-BE54-9A1E7A4F7556}") = "JNB.Tests", "tests\JNB\JNB.Tests.csproj", "{C79E937F-09F3-403E-A73E-041ED34877C0}"
EndProject
Project("{9A19103F-16F7-4668-BE54-9A1E7A4F7556}") = "Tasks", "src\Tasks\Tasks.csproj", "{6D0DB44D-2F9E-4B4E-B3A0-2B509FF9648D}"
EndProject
Project("{9A19103F-16F7-4668-BE54-9A1E7A4F7556}") = "TB", "src\TB\TB.csproj", "{633E6906-5128-48D5-8D45-57A6F302AEA7}"
EndProject
Global
	GlobalSection(SolutionConfigurationPlatforms) = preSolution
		Debug|Any CPU = Debug|Any CPU
		Debug|x64 = Debug|x64
		Debug|x86 = Debug|x86
		Release|Any CPU = Release|Any CPU
		Release|x64 = Release|x64
		Release|x86 = Release|x86
	EndGlobalSection
	GlobalSection(ProjectConfigurationPlatforms) = postSolution
		{A9433D53-F8E2-4176-BE29-74FD1C2237FF}.Debug|Any CPU.ActiveCfg = Debug|Any CPU
		{A9433D53-F8E2-4176-BE29-74FD1C2237FF}.Debug|Any CPU.Build.0 = Debug|Any CPU
		{A9433D53-F8E2-4176-BE29-74FD1C2237FF}.Debug|x64.ActiveCfg = Debug|Any CPU
		{A9433D53-F8E2-4176-BE29-74FD1C2237FF}.Debug|x64.Build.0 = Debug|Any CPU
		{A9433D53-F8E2-4176-BE29-74FD1C2237FF}.Debug|x86.ActiveCfg = Debug|Any CPU
		{A9433D53-F8E2-4176-BE29-74FD1C2237FF}.Debug|x86.Build.0 = Debug|Any CPU
		{A9433D53-F8E2-4176-BE29-74FD1C2237FF}.Release|Any CPU.ActiveCfg = Release|Any CPU
		{A9433D53-F8E2-4176-BE29-74FD1C2237FF}.Release|Any CPU.Build.0 = Release|Any CPU
		{A9433D53-F8E2-4176-BE29-74FD1C2237FF}.Release|x64.ActiveCfg = Release|Any CPU
		{A9433D53-F8E2-4176-BE29-74FD1C2237FF}.Release|x64.Build.0 = Release|Any CPU
		{A9433D53-F8E2-4176-BE29-74FD1C2237FF}.Release|x86.ActiveCfg = Release|Any CPU
		{A9433D53-F8E2-4176-BE29-74FD1C2237FF}.Release|x86.Build.0 = Release|Any CPU
		{C50174B0-DAE2-4AEA-AF97-A84CA5351009}.Debug|Any CPU.ActiveCfg = Debug|Any CPU
		{C50174B0-DAE2-4AEA-AF97-A84CA5351009}.Debug|Any CPU.Build.0 = Debug|Any CPU
		{C50174B0-DAE2-4AEA-AF97-A84CA5351009}.Debug|x64.ActiveCfg = Debug|Any CPU
		{C50174B0-DAE2-4AEA-AF97-A84CA5351009}.Debug|x64.Build.0 = Debug|Any CPU
		{C50174B0-DAE2-4AEA-AF97-A84CA5351009}.Debug|x86.ActiveCfg = Debug|Any CPU
		{C50174B0-DAE2-4AEA-AF97-A84CA5351009}.Debug|x86.Build.0 = Debug|Any CPU
		{C50174B0-DAE2-4AEA-AF97-A84CA5351009}.Release|Any CPU.ActiveCfg = Release|Any CPU
		{C50174B0-DAE2-4AEA-AF97-A84CA5351009}.Release|Any CPU.Build.0 = Release|Any CPU
		{C50174B0-DAE2-4AEA-AF97-A84CA5351009}.Release|x64.ActiveCfg = Release|Any CPU
		{C50174B0-DAE2-4AEA-AF97-A84CA5351009}.Release|x64.Build.0 = Release|Any CPU
		{C50174B0-DAE2-4AEA-AF97-A84CA5351009}.Release|x86.ActiveCfg = Release|Any CPU
		{C50174B0-DAE2-4AEA-AF97-A84CA5351009}.Release|x86.Build.0 = Release|Any CPU
		{56C40A3D-1F77-4BCA-8EF5-50FD6F5F1927}.Debug|Any CPU.ActiveCfg = Debug|Any CPU
		{56C40A3D-1F77-4BCA-8EF5-50FD6F5F1927}.Debug|Any CPU.Build.0 = Debug|Any CPU
		{56C40A3D-1F77-4BCA-8EF5-50FD6F5F1927}.Debug|x64.ActiveCfg = Debug|Any CPU
		{56C40A3D-1F77-4BCA-8EF5-50FD6F5F1927}.Debug|x64.Build.0 = Debug|Any CPU
		{56C40A3D-1F77-4BCA-8EF5-50FD6F5F1927}.Debug|x86.ActiveCfg = Debug|Any CPU
		{56C40A3D-1F77-4BCA-8EF5-50FD6F5F1927}.Debug|x86.Build.0 = Debug|Any CPU
		{56C40A3D-1F77-4BCA-8EF5-50FD6F5F1927}.Release|Any CPU.ActiveCfg = Release|Any CPU
		{56C40A3D-1F77-4BCA-8EF5-50FD6F5F1927}.Release|Any CPU.Build.0 = Release|Any CPU
		{56C40A3D-1F77-4BCA-8EF5-50FD6F5F1927}.Release|x64.ActiveCfg = Release|Any CPU
		{56C40A3D-1F77-4BCA-8EF5-50FD6F5F1927}.Release|x64.Build.0 = Release|Any CPU
		{56C40A3D-1F77-4BCA-8EF5-50FD6F5F1927}.Release|x86.ActiveCfg = Release|Any CPU
		{56C40A3D-1F77-4BCA-8EF5-50FD6F5F1927}.Release|x86.Build.0 = Release|Any CPU
		{C79115AC-200B-424E-98F2-645CB9014825}.Debug|Any CPU.ActiveCfg = Debug|Any CPU
		{C79115AC-200B-424E-98F2-645CB9014825}.Debug|Any CPU.Build.0 = Debug|Any CPU
		{C79115AC-200B-424E-98F2-645CB9014825}.Debug|x64.ActiveCfg = Debug|Any CPU
		{C79115AC-200B-424E-98F2-645CB9014825}.Debug|x64.Build.0 = Debug|Any CPU
		{C79115AC-200B-424E-98F2-645CB9014825}.Debug|x86.ActiveCfg = Debug|Any CPU
		{C79115AC-200B-424E-98F2-645CB9014825}.Debug|x86.Build.0 = Debug|Any CPU
		{C79115AC-200B-424E-98F2-645CB9014825}.Release|Any CPU.ActiveCfg = Release|Any CPU
		{C79115AC-200B-424E-98F2-645CB9014825}.Release|Any CPU.Build.0 = Release|Any CPU
		{C79115AC-200B-424E-98F2-645CB9014825}.Release|x64.ActiveCfg = Release|Any CPU
		{C79115AC-200B-424E-98F2-645CB9014825}.Release|x64.Build.0 = Release|Any CPU
		{C79115AC-200B-424E-98F2-645CB9014825}.Release|x86.ActiveCfg = Release|Any CPU
		{C79115AC-200B-424E-98F2-645CB9014825}.Release|x86.Build.0 = Release|Any CPU
		{631B6608-72B2-4227-AEDD-D43894088C5A}.Debug|Any CPU.ActiveCfg = Debug|Any CPU
		{631B6608-72B2-4227-AEDD-D43894088C5A}.Debug|Any CPU.Build.0 = Debug|Any CPU
		{631B6608-72B2-4227-AEDD-D43894088C5A}.Debug|x64.ActiveCfg = Debug|Any CPU
		{631B6608-72B2-4227-AEDD-D43894088C5A}.Debug|x64.Build.0 = Debug|Any CPU
		{631B6608-72B2-4227-AEDD-D43894088C5A}.Debug|x86.ActiveCfg = Debug|Any CPU
		{631B6608-72B2-4227-AEDD-D43894088C5A}.Debug|x86.Build.0 = Debug|Any CPU
		{631B6608-72B2-4227-AEDD-D43894088C5A}.Release|Any CPU.ActiveCfg = Release|Any CPU
		{631B6608-72B2-4227-AEDD-D43894088C5A}.Release|Any CPU.Build.0 = Release|Any CPU
		{631B6608-72B2-4227-AEDD-D43894088C5A}.Release|x64.ActiveCfg = Release|Any CPU
		{631B6608-72B2-4227-AEDD-D43894088C5A}.Release|x64.Build.0 = Release|Any CPU
		{631B6608-72B2-4227-AEDD-D43894088C5A}.Release|x86.ActiveCfg = Release|Any CPU
		{631B6608-72B2-4227-AEDD-D43894088C5A}.Release|x86.Build.0 = Release|Any CPU
		{A54983A5-FACC-419E-8FEC-1193F68657F5}.Debug|Any CPU.ActiveCfg = Debug|Any CPU
		{A54983A5-FACC-419E-8FEC-1193F68657F5}.Debug|Any CPU.Build.0 = Debug|Any CPU
		{A54983A5-FACC-419E-8FEC-1193F68657F5}.Debug|x64.ActiveCfg = Debug|Any CPU
		{A54983A5-FACC-419E-8FEC-1193F68657F5}.Debug|x64.Build.0 = Debug|Any CPU
		{A54983A5-FACC-419E-8FEC-1193F68657F5}.Debug|x86.ActiveCfg = Debug|Any CPU
		{A54983A5-FACC-419E-8FEC-1193F68657F5}.Debug|x86.Build.0 = Debug|Any CPU
		{A54983A5-FACC-419E-8FEC-1193F68657F5}.Release|Any CPU.ActiveCfg = Release|Any CPU
		{A54983A5-FACC-419E-8FEC-1193F68657F5}.Release|Any CPU.Build.0 = Release|Any CPU
		{A54983A5-FACC-419E-8FEC-1193F68657F5}.Release|x64.ActiveCfg = Release|Any CPU
		{A54983A5-FACC-419E-8FEC-1193F68657F5}.Release|x64.Build.0 = Release|Any CPU
		{A54983A5-FACC-419E-8FEC-1193F68657F5}.Release|x86.ActiveCfg = Release|Any CPU
		{A54983A5-FACC-419E-8FEC-1193F68657F5}.Release|x86.Build.0 = Release|Any CPU
		{8305A5D6-A9A0-4394-B637-3C5F41CA4FB5}.Debug|Any CPU.ActiveCfg = Debug|Any CPU
		{8305A5D6-A9A0-4394-B637-3C5F41CA4FB5}.Debug|Any CPU.Build.0 = Debug|Any CPU
		{8305A5D6-A9A0-4394-B637-3C5F41CA4FB5}.Debug|x64.ActiveCfg = Debug|Any CPU
		{8305A5D6-A9A0-4394-B637-3C5F41CA4FB5}.Debug|x64.Build.0 = Debug|Any CPU
		{8305A5D6-A9A0-4394-B637-3C5F41CA4FB5}.Debug|x86.ActiveCfg = Debug|Any CPU
		{8305A5D6-A9A0-4394-B637-3C5F41CA4FB5}.Debug|x86.Build.0 = Debug|Any CPU
		{8305A5D6-A9A0-4394-B637-3C5F41CA4FB5}.Release|Any CPU.ActiveCfg = Release|Any CPU
		{8305A5D6-A9A0-4394-B637-3C5F41CA4FB5}.Release|Any CPU.Build.0 = Release|Any CPU
		{8305A5D6-A9A0-4394-B637-3C5F41CA4FB5}.Release|x64.ActiveCfg = Release|Any CPU
		{8305A5D6-A9A0-4394-B637-3C5F41CA4FB5}.Release|x64.Build.0 = Release|Any CPU
		{8305A5D6-A9A0-4394-B637-3C5F41CA4FB5}.Release|x86.ActiveCfg = Release|Any CPU
		{8305A5D6-A9A0-4394-B637-3C5F41CA4FB5}.Release|x86.Build.0 = Release|Any CPU
		{FF8B2DD5-A4D1-437F-AC9D-DF1F4277AB7F}.Debug|Any CPU.ActiveCfg = Debug|Any CPU
		{FF8B2DD5-A4D1-437F-AC9D-DF1F4277AB7F}.Debug|Any CPU.Build.0 = Debug|Any CPU
		{FF8B2DD5-A4D1-437F-AC9D-DF1F4277AB7F}.Debug|x64.ActiveCfg = Debug|Any CPU
		{FF8B2DD5-A4D1-437F-AC9D-DF1F4277AB7F}.Debug|x64.Build.0 = Debug|Any CPU
		{FF8B2DD5-A4D1-437F-AC9D-DF1F4277AB7F}.Debug|x86.ActiveCfg = Debug|Any CPU
		{FF8B2DD5-A4D1-437F-AC9D-DF1F4277AB7F}.Debug|x86.Build.0 = Debug|Any CPU
		{FF8B2DD5-A4D1-437F-AC9D-DF1F4277AB7F}.Release|Any CPU.ActiveCfg = Release|Any CPU
		{FF8B2DD5-A4D1-437F-AC9D-DF1F4277AB7F}.Release|Any CPU.Build.0 = Release|Any CPU
		{FF8B2DD5-A4D1-437F-AC9D-DF1F4277AB7F}.Release|x64.ActiveCfg = Release|Any CPU
		{FF8B2DD5-A4D1-437F-AC9D-DF1F4277AB7F}.Release|x64.Build.0 = Release|Any CPU
		{FF8B2DD5-A4D1-437F-AC9D-DF1F4277AB7F}.Release|x86.ActiveCfg = Release|Any CPU
		{FF8B2DD5-A4D1-437F-AC9D-DF1F4277AB7F}.Release|x86.Build.0 = Release|Any CPU
		{E109A32D-5035-429D-999D-0DB2C0022819}.Debug|Any CPU.ActiveCfg = Debug|Any CPU
		{E109A32D-5035-429D-999D-0DB2C0022819}.Debug|Any CPU.Build.0 = Debug|Any CPU
		{E109A32D-5035-429D-999D-0DB2C0022819}.Debug|x64.ActiveCfg = Debug|Any CPU
		{E109A32D-5035-429D-999D-0DB2C0022819}.Debug|x64.Build.0 = Debug|Any CPU
		{E109A32D-5035-429D-999D-0DB2C0022819}.Debug|x86.ActiveCfg = Debug|Any CPU
		{E109A32D-5035-429D-999D-0DB2C0022819}.Debug|x86.Build.0 = Debug|Any CPU
		{E109A32D-5035-429D-999D-0DB2C0022819}.Release|Any CPU.ActiveCfg = Release|Any CPU
		{E109A32D-5035-429D-999D-0DB2C0022819}.Release|Any CPU.Build.0 = Release|Any CPU
		{E109A32D-5035-429D-999D-0DB2C0022819}.Release|x64.ActiveCfg = Release|Any CPU
		{E109A32D-5035-429D-999D-0DB2C0022819}.Release|x64.Build.0 = Release|Any CPU
		{E109A32D-5035-429D-999D-0DB2C0022819}.Release|x86.ActiveCfg = Release|Any CPU
		{E109A32D-5035-429D-999D-0DB2C0022819}.Release|x86.Build.0 = Release|Any CPU
		{EC53B6E5-0A99-45DD-9792-875236EFABCB}.Debug|Any CPU.ActiveCfg = Debug|Any CPU
		{EC53B6E5-0A99-45DD-9792-875236EFABCB}.Debug|Any CPU.Build.0 = Debug|Any CPU
		{EC53B6E5-0A99-45DD-9792-875236EFABCB}.Debug|x64.ActiveCfg = Debug|Any CPU
		{EC53B6E5-0A99-45DD-9792-875236EFABCB}.Debug|x64.Build.0 = Debug|Any CPU
		{EC53B6E5-0A99-45DD-9792-875236EFABCB}.Debug|x86.ActiveCfg = Debug|Any CPU
		{EC53B6E5-0A99-45DD-9792-875236EFABCB}.Debug|x86.Build.0 = Debug|Any CPU
		{EC53B6E5-0A99-45DD-9792-875236EFABCB}.Release|Any CPU.ActiveCfg = Release|Any CPU
		{EC53B6E5-0A99-45DD-9792-875236EFABCB}.Release|Any CPU.Build.0 = Release|Any CPU
		{EC53B6E5-0A99-45DD-9792-875236EFABCB}.Release|x64.ActiveCfg = Release|Any CPU
		{EC53B6E5-0A99-45DD-9792-875236EFABCB}.Release|x64.Build.0 = Release|Any CPU
		{EC53B6E5-0A99-45DD-9792-875236EFABCB}.Release|x86.ActiveCfg = Release|Any CPU
		{EC53B6E5-0A99-45DD-9792-875236EFABCB}.Release|x86.Build.0 = Release|Any CPU
		{6F73D5A7-BA60-4D54-9071-0726E0F09BC0}.Debug|Any CPU.ActiveCfg = Debug|Any CPU
		{6F73D5A7-BA60-4D54-9071-0726E0F09BC0}.Debug|Any CPU.Build.0 = Debug|Any CPU
		{6F73D5A7-BA60-4D54-9071-0726E0F09BC0}.Debug|x64.ActiveCfg = Debug|Any CPU
		{6F73D5A7-BA60-4D54-9071-0726E0F09BC0}.Debug|x64.Build.0 = Debug|Any CPU
		{6F73D5A7-BA60-4D54-9071-0726E0F09BC0}.Debug|x86.ActiveCfg = Debug|Any CPU
		{6F73D5A7-BA60-4D54-9071-0726E0F09BC0}.Debug|x86.Build.0 = Debug|Any CPU
		{6F73D5A7-BA60-4D54-9071-0726E0F09BC0}.Release|Any CPU.ActiveCfg = Release|Any CPU
		{6F73D5A7-BA60-4D54-9071-0726E0F09BC0}.Release|Any CPU.Build.0 = Release|Any CPU
		{6F73D5A7-BA60-4D54-9071-0726E0F09BC0}.Release|x64.ActiveCfg = Release|Any CPU
		{6F73D5A7-BA60-4D54-9071-0726E0F09BC0}.Release|x64.Build.0 = Release|Any CPU
		{6F73D5A7-BA60-4D54-9071-0726E0F09BC0}.Release|x86.ActiveCfg = Release|Any CPU
		{6F73D5A7-BA60-4D54-9071-0726E0F09BC0}.Release|x86.Build.0 = Release|Any CPU
		{6DA05C6B-70B2-4305-AB21-EAF63CF116C2}.Debug|Any CPU.ActiveCfg = Debug|Any CPU
		{6DA05C6B-70B2-4305-AB21-EAF63CF116C2}.Debug|Any CPU.Build.0 = Debug|Any CPU
		{6DA05C6B-70B2-4305-AB21-EAF63CF116C2}.Debug|x64.ActiveCfg = Debug|Any CPU
		{6DA05C6B-70B2-4305-AB21-EAF63CF116C2}.Debug|x64.Build.0 = Debug|Any CPU
		{6DA05C6B-70B2-4305-AB21-EAF63CF116C2}.Debug|x86.ActiveCfg = Debug|Any CPU
		{6DA05C6B-70B2-4305-AB21-EAF63CF116C2}.Debug|x86.Build.0 = Debug|Any CPU
		{6DA05C6B-70B2-4305-AB21-EAF63CF116C2}.Release|Any CPU.ActiveCfg = Release|Any CPU
		{6DA05C6B-70B2-4305-AB21-EAF63CF116C2}.Release|Any CPU.Build.0 = Release|Any CPU
		{6DA05C6B-70B2-4305-AB21-EAF63CF116C2}.Release|x64.ActiveCfg = Release|Any CPU
		{6DA05C6B-70B2-4305-AB21-EAF63CF116C2}.Release|x64.Build.0 = Release|Any CPU
		{6DA05C6B-70B2-4305-AB21-EAF63CF116C2}.Release|x86.ActiveCfg = Release|Any CPU
		{6DA05C6B-70B2-4305-AB21-EAF63CF116C2}.Release|x86.Build.0 = Release|Any CPU
		{56D943CA-AEBC-4D1B-A99A-83C6638D14F5}.Debug|Any CPU.ActiveCfg = Debug|Any CPU
		{56D943CA-AEBC-4D1B-A99A-83C6638D14F5}.Debug|Any CPU.Build.0 = Debug|Any CPU
		{56D943CA-AEBC-4D1B-A99A-83C6638D14F5}.Debug|x64.ActiveCfg = Debug|Any CPU
		{56D943CA-AEBC-4D1B-A99A-83C6638D14F5}.Debug|x64.Build.0 = Debug|Any CPU
		{56D943CA-AEBC-4D1B-A99A-83C6638D14F5}.Debug|x86.ActiveCfg = Debug|Any CPU
		{56D943CA-AEBC-4D1B-A99A-83C6638D14F5}.Debug|x86.Build.0 = Debug|Any CPU
		{56D943CA-AEBC-4D1B-A99A-83C6638D14F5}.Release|Any CPU.ActiveCfg = Release|Any CPU
		{56D943CA-AEBC-4D1B-A99A-83C6638D14F5}.Release|Any CPU.Build.0 = Release|Any CPU
		{56D943CA-AEBC-4D1B-A99A-83C6638D14F5}.Release|x64.ActiveCfg = Release|Any CPU
		{56D943CA-AEBC-4D1B-A99A-83C6638D14F5}.Release|x64.Build.0 = Release|Any CPU
		{56D943CA-AEBC-4D1B-A99A-83C6638D14F5}.Release|x86.ActiveCfg = Release|Any CPU
		{56D943CA-AEBC-4D1B-A99A-83C6638D14F5}.Release|x86.Build.0 = Release|Any CPU
		{CB382AAD-DAD2-4687-8998-A7CE4EAB3EC8}.Debug|Any CPU.ActiveCfg = Debug|Any CPU
		{CB382AAD-DAD2-4687-8998-A7CE4EAB3EC8}.Debug|Any CPU.Build.0 = Debug|Any CPU
		{CB382AAD-DAD2-4687-8998-A7CE4EAB3EC8}.Debug|x64.ActiveCfg = Debug|Any CPU
		{CB382AAD-DAD2-4687-8998-A7CE4EAB3EC8}.Debug|x64.Build.0 = Debug|Any CPU
		{CB382AAD-DAD2-4687-8998-A7CE4EAB3EC8}.Debug|x86.ActiveCfg = Debug|Any CPU
		{CB382AAD-DAD2-4687-8998-A7CE4EAB3EC8}.Debug|x86.Build.0 = Debug|Any CPU
		{CB382AAD-DAD2-4687-8998-A7CE4EAB3EC8}.Release|Any CPU.ActiveCfg = Release|Any CPU
		{CB382AAD-DAD2-4687-8998-A7CE4EAB3EC8}.Release|Any CPU.Build.0 = Release|Any CPU
		{CB382AAD-DAD2-4687-8998-A7CE4EAB3EC8}.Release|x64.ActiveCfg = Release|Any CPU
		{CB382AAD-DAD2-4687-8998-A7CE4EAB3EC8}.Release|x64.Build.0 = Release|Any CPU
		{CB382AAD-DAD2-4687-8998-A7CE4EAB3EC8}.Release|x86.ActiveCfg = Release|Any CPU
		{CB382AAD-DAD2-4687-8998-A7CE4EAB3EC8}.Release|x86.Build.0 = Release|Any CPU
		{C79E937F-09F3-403E-A73E-041ED34877C0}.Debug|Any CPU.ActiveCfg = Debug|Any CPU
		{C79E937F-09F3-403E-A73E-041ED34877C0}.Debug|Any CPU.Build.0 = Debug|Any CPU
		{C79E937F-09F3-403E-A73E-041ED34877C0}.Debug|x64.ActiveCfg = Debug|Any CPU
		{C79E937F-09F3-403E-A73E-041ED34877C0}.Debug|x64.Build.0 = Debug|Any CPU
		{C79E937F-09F3-403E-A73E-041ED34877C0}.Debug|x86.ActiveCfg = Debug|Any CPU
		{C79E937F-09F3-403E-A73E-041ED34877C0}.Debug|x86.Build.0 = Debug|Any CPU
		{C79E937F-09F3-403E-A73E-041ED34877C0}.Release|Any CPU.ActiveCfg = Release|Any CPU
		{C79E937F-09F3-403E-A73E-041ED34877C0}.Release|Any CPU.Build.0 = Release|Any CPU
		{C79E937F-09F3-403E-A73E-041ED34877C0}.Release|x64.ActiveCfg = Release|Any CPU
		{C79E937F-09F3-403E-A73E-041ED34877C0}.Release|x64.Build.0 = Release|Any CPU
		{C79E937F-09F3-403E-A73E-041ED34877C0}.Release|x86.ActiveCfg = Release|Any CPU
		{C79E937F-09F3-403E-A73E-041ED34877C0}.Release|x86.Build.0 = Release|Any CPU
		{6D0DB44D-2F9E-4B4E-B3A0-2B509FF9648D}.Debug|Any CPU.ActiveCfg = Debug|Any CPU
		{6D0DB44D-2F9E-4B4E-B3A0-2B509FF9648D}.Debug|Any CPU.Build.0 = Debug|Any CPU
		{6D0DB44D-2F9E-4B4E-B3A0-2B509FF9648D}.Debug|x64.ActiveCfg = Debug|Any CPU
		{6D0DB44D-2F9E-4B4E-B3A0-2B509FF9648D}.Debug|x64.Build.0 = Debug|Any CPU
		{6D0DB44D-2F9E-4B4E-B3A0-2B509FF9648D}.Debug|x86.ActiveCfg = Debug|Any CPU
		{6D0DB44D-2F9E-4B4E-B3A0-2B509FF9648D}.Debug|x86.Build.0 = Debug|Any CPU
		{6D0DB44D-2F9E-4B4E-B3A0-2B509FF9648D}.Release|Any CPU.ActiveCfg = Release|Any CPU
		{6D0DB44D-2F9E-4B4E-B3A0-2B509FF9648D}.Release|Any CPU.Build.0 = Release|Any CPU
		{6D0DB44D-2F9E-4B4E-B3A0-2B509FF9648D}.Release|x64.ActiveCfg = Release|Any CPU
		{6D0DB44D-2F9E-4B4E-B3A0-2B509FF9648D}.Release|x64.Build.0 = Release|Any CPU
		{6D0DB44D-2F9E-4B4E-B3A0-2B509FF9648D}.Release|x86.ActiveCfg = Release|Any CPU
		{6D0DB44D-2F9E-4B4E-B3A0-2B509FF9648D}.Release|x86.Build.0 = Release|Any CPU
		{633E6906-5128-48D5-8D45-57A6F302AEA7}.Debug|Any CPU.ActiveCfg = Debug|Any CPU
		{633E6906-5128-48D5-8D45-57A6F302AEA7}.Debug|Any CPU.Build.0 = Debug|Any CPU
		{633E6906-5128-48D5-8D45-57A6F302AEA7}.Debug|x64.ActiveCfg = Debug|Any CPU
		{633E6906-5128-48D5-8D45-57A6F302AEA7}.Debug|x64.Build.0 = Debug|Any CPU
		{633E6906-5128-48D5-8D45-57A6F302AEA7}.Debug|x86.ActiveCfg = Debug|Any CPU
		{633E6906-5128-48D5-8D45-57A6F302AEA7}.Debug|x86.Build.0 = Debug|Any CPU
		{633E6906-5128-48D5-8D45-57A6F302AEA7}.Release|Any CPU.ActiveCfg = Release|Any CPU
		{633E6906-5128-48D5-8D45-57A6F302AEA7}.Release|Any CPU.Build.0 = Release|Any CPU
		{633E6906-5128-48D5-8D45-57A6F302AEA7}.Release|x64.ActiveCfg = Release|Any CPU
		{633E6906-5128-48D5-8D45-57A6F302AEA7}.Release|x64.Build.0 = Release|Any CPU
		{633E6906-5128-48D5-8D45-57A6F302AEA7}.Release|x86.ActiveCfg = Release|Any CPU
		{633E6906-5128-48D5-8D45-57A6F302AEA7}.Release|x86.Build.0 = Release|Any CPU
	EndGlobalSection
	GlobalSection(SolutionProperties) = preSolution
		HideSolutionNode = FALSE
	EndGlobalSection
	GlobalSection(NestedProjects) = preSolution
		{A9433D53-F8E2-4176-BE29-74FD1C2237FF} = {39D86230-87BF-41A0-9DE6-E93E1E745B72}
		{C50174B0-DAE2-4AEA-AF97-A84CA5351009} = {39D86230-87BF-41A0-9DE6-E93E1E745B72}
		{56C40A3D-1F77-4BCA-8EF5-50FD6F5F1927} = {39D86230-87BF-41A0-9DE6-E93E1E745B72}
		{C79115AC-200B-424E-98F2-645CB9014825} = {39D86230-87BF-41A0-9DE6-E93E1E745B72}
		{631B6608-72B2-4227-AEDD-D43894088C5A} = {6EA47F83-A4EE-4720-83C0-A4CDACE35072}
		{A54983A5-FACC-419E-8FEC-1193F68657F5} = {FC732093-25CA-4E60-873B-904A1F37A95A}
		{8305A5D6-A9A0-4394-B637-3C5F41CA4FB5} = {FC732093-25CA-4E60-873B-904A1F37A95A}
		{FF8B2DD5-A4D1-437F-AC9D-DF1F4277AB7F} = {FC732093-25CA-4E60-873B-904A1F37A95A}
		{E109A32D-5035-429D-999D-0DB2C0022819} = {FC732093-25CA-4E60-873B-904A1F37A95A}
		{EC53B6E5-0A99-45DD-9792-875236EFABCB} = {FC732093-25CA-4E60-873B-904A1F37A95A}
		{6F73D5A7-BA60-4D54-9071-0726E0F09BC0} = {FC732093-25CA-4E60-873B-904A1F37A95A}
		{6DA05C6B-70B2-4305-AB21-EAF63CF116C2} = {39D86230-87BF-41A0-9DE6-E93E1E745B72}
		{56D943CA-AEBC-4D1B-A99A-83C6638D14F5} = {39D86230-87BF-41A0-9DE6-E93E1E745B72}
		{CB382AAD-DAD2-4687-8998-A7CE4EAB3EC8} = {FC732093-25CA-4E60-873B-904A1F37A95A}
		{C79E937F-09F3-403E-A73E-041ED34877C0} = {FC732093-25CA-4E60-873B-904A1F37A95A}
		{6D0DB44D-2F9E-4B4E-B3A0-2B509FF9648D} = {39D86230-87BF-41A0-9DE6-E93E1E745B72}
		{633E6906-5128-48D5-8D45-57A6F302AEA7} = {39D86230-87BF-41A0-9DE6-E93E1E745B72}
	EndGlobalSection
	GlobalSection(ExtensibilityGlobals) = postSolution
		SolutionGuid = {059A5345-2230-4325-9DD5-39005545F1DA}
	EndGlobalSection
EndGlobal
