
Microsoft Visual Studio Solution File, Format Version 12.00
# Visual Studio Version 16
VisualStudioVersion = 16.0.29123.89
MinimumVisualStudioVersion = 15.0.26124.0
Project("{2150E333-8FDC-42A3-9474-1A3956D46DE8}") = "src", "src", "{39D86230-87BF-41A0-9DE6-E93E1E745B72}"
EndProject
Project("{9A19103F-16F7-4668-BE54-9A1E7A4F7556}") = "App", "src\App\App.csproj", "{A9433D53-F8E2-4176-BE29-74FD1C2237FF}"
EndProject
Project("{9A19103F-16F7-4668-BE54-9A1E7A4F7556}") = "Data", "src\Data\Data.csproj", "{C50174B0-DAE2-4AEA-AF97-A84CA5351009}"
EndProject
Project("{9A19103F-16F7-4668-BE54-9A1E7A4F7556}") = "JNB", "src\JNB\JNB.csproj", "{56C40A3D-1F77-4BCA-8EF5-50FD6F5F1927}"
EndProject
Project("{9A19103F-16F7-4668-BE54-9A1E7A4F7556}") = "Models", "src\Models\Models.csproj", "{C79115AC-200B-424E-98F2-645CB9014825}"
EndProject
Project("{2150E333-8FDC-42A3-9474-1A3956D46DE8}") = "lib", "lib", "{6EA47F83-A4EE-4720-83C0-A4CDACE35072}"
EndProject
Project("{9A19103F-16F7-4668-BE54-9A1E7A4F7556}") = "OsLibCore", "lib\OsLibCore\OsLibCore.csproj", "{631B6608-72B2-4227-AEDD-D43894088C5A}"
EndProject
Project("{2150E333-8FDC-42A3-9474-1A3956D46DE8}") = "tests", "tests", "{FC732093-25CA-4E60-873B-904A1F37A95A}"
EndProject
Project("{9A19103F-16F7-4668-BE54-9A1E7A4F7556}") = "Helpers", "src\Helpers\Helpers.csproj", "{6DA05C6B-70B2-4305-AB21-EAF63CF116C2}"
EndProject
Project("{9A19103F-16F7-4668-BE54-9A1E7A4F7556}") = "DirScan", "src\DirScan\DirScan.csproj", "{56D943CA-AEBC-4D1B-A99A-83C6638D14F5}"
EndProject
Project("{9A19103F-16F7-4668-BE54-9A1E7A4F7556}") = "Tasks", "src\Tasks\Tasks.csproj", "{6D0DB44D-2F9E-4B4E-B3A0-2B509FF9648D}"
EndProject
Project("{9A19103F-16F7-4668-BE54-9A1E7A4F7556}") = "TB", "src\TB\TB.csproj", "{633E6906-5128-48D5-8D45-57A6F302AEA7}"
EndProject
Project("{9A19103F-16F7-4668-BE54-9A1E7A4F7556}") = "App.Tests", "tests\App\App.Tests.csproj", "{CC273EDD-DA1D-4836-825E-B18FE440C72C}"
EndProject
Project("{9A19103F-16F7-4668-BE54-9A1E7A4F7556}") = "DirScan.Tests", "tests\DirScan\DirScan.Tests.csproj", "{FD8C8DBF-F3C4-4C9F-9FA3-B8A9B25509A9}"
EndProject
Project("{9A19103F-16F7-4668-BE54-9A1E7A4F7556}") = "Helpers.Tests", "tests\Helpers\Helpers.Tests.csproj", "{D82CAFC8-A561-44BF-A03D-12BC9F9E0AB9}"
EndProject
Project("{FAE04EC0-301F-11D3-BF4B-00C04F79EFBC}") = "Microsoft.AspNetCore.Proxy", "lib\Microsoft.AspNetCore.Proxy\Microsoft.AspNetCore.Proxy.csproj", "{1D77940E-4855-4DFD-98EA-11E4E3E61A51}"
EndProject
Project("{FAE04EC0-301F-11D3-BF4B-00C04F79EFBC}") = "Data.Tests", "tests\Data\Data.Tests.csproj", "{2A437E3A-245E-445E-9A08-27AB1FCC3F50}"
EndProject
Project("{FAE04EC0-301F-11D3-BF4B-00C04F79EFBC}") = "JNB.Tests", "tests\JNB\JNB.Tests.csproj", "{9C6815B8-BE8B-495D-AAF8-7D179C3EAFB3}"
EndProject
Project("{FAE04EC0-301F-11D3-BF4B-00C04F79EFBC}") = "Models.Tests", "tests\Models\Models.Tests.csproj", "{1F3136F6-B33C-464A-ADAF-2A32F44F36BA}"
EndProject
Project("{FAE04EC0-301F-11D3-BF4B-00C04F79EFBC}") = "OsLibCore.Tests", "tests\OsLibCore\OsLibCore.Tests.csproj", "{ED87A1A1-3702-447B-9E37-F8602CFCEEE3}"
EndProject
Project("{FAE04EC0-301F-11D3-BF4B-00C04F79EFBC}") = "TB.Tests", "tests\TB\TB.Tests.csproj", "{D074E836-B661-4051-8244-B20B45421C9E}"
EndProject
Project("{2150E333-8FDC-42A3-9474-1A3956D46DE8}") = "Tools", "Tools", "{D7B7DD02-4892-423C-B300-0152AA94E619}"
EndProject
Project("{FAE04EC0-301F-11D3-BF4B-00C04F79EFBC}") = "Netron", "src\Tools\Netron\Netron.csproj", "{5D3FE65B-F03C-4C49-A285-B9AD46239DC0}"
EndProject
Global
	GlobalSection(SolutionConfigurationPlatforms) = preSolution
		Debug|Any CPU = Debug|Any CPU
		Debug|x64 = Debug|x64
		Debug|x86 = Debug|x86
		Release|Any CPU = Release|Any CPU
		Release|x64 = Release|x64
		Release|x86 = Release|x86
	EndGlobalSection
	GlobalSection(ProjectConfigurationPlatforms) = postSolution
		{A9433D53-F8E2-4176-BE29-74FD1C2237FF}.Debug|Any CPU.ActiveCfg = Debug|Any CPU
		{A9433D53-F8E2-4176-BE29-74FD1C2237FF}.Debug|Any CPU.Build.0 = Debug|Any CPU
		{A9433D53-F8E2-4176-BE29-74FD1C2237FF}.Debug|x64.ActiveCfg = Debug|Any CPU
		{A9433D53-F8E2-4176-BE29-74FD1C2237FF}.Debug|x64.Build.0 = Debug|Any CPU
		{A9433D53-F8E2-4176-BE29-74FD1C2237FF}.Debug|x86.ActiveCfg = Debug|Any CPU
		{A9433D53-F8E2-4176-BE29-74FD1C2237FF}.Debug|x86.Build.0 = Debug|Any CPU
		{A9433D53-F8E2-4176-BE29-74FD1C2237FF}.Release|Any CPU.ActiveCfg = Release|Any CPU
		{A9433D53-F8E2-4176-BE29-74FD1C2237FF}.Release|Any CPU.Build.0 = Release|Any CPU
		{A9433D53-F8E2-4176-BE29-74FD1C2237FF}.Release|x64.ActiveCfg = Release|Any CPU
		{A9433D53-F8E2-4176-BE29-74FD1C2237FF}.Release|x64.Build.0 = Release|Any CPU
		{A9433D53-F8E2-4176-BE29-74FD1C2237FF}.Release|x86.ActiveCfg = Release|Any CPU
		{A9433D53-F8E2-4176-BE29-74FD1C2237FF}.Release|x86.Build.0 = Release|Any CPU
		{C50174B0-DAE2-4AEA-AF97-A84CA5351009}.Debug|Any CPU.ActiveCfg = Debug|Any CPU
		{C50174B0-DAE2-4AEA-AF97-A84CA5351009}.Debug|Any CPU.Build.0 = Debug|Any CPU
		{C50174B0-DAE2-4AEA-AF97-A84CA5351009}.Debug|x64.ActiveCfg = Debug|Any CPU
		{C50174B0-DAE2-4AEA-AF97-A84CA5351009}.Debug|x64.Build.0 = Debug|Any CPU
		{C50174B0-DAE2-4AEA-AF97-A84CA5351009}.Debug|x86.ActiveCfg = Debug|Any CPU
		{C50174B0-DAE2-4AEA-AF97-A84CA5351009}.Debug|x86.Build.0 = Debug|Any CPU
		{C50174B0-DAE2-4AEA-AF97-A84CA5351009}.Release|Any CPU.ActiveCfg = Release|Any CPU
		{C50174B0-DAE2-4AEA-AF97-A84CA5351009}.Release|Any CPU.Build.0 = Release|Any CPU
		{C50174B0-DAE2-4AEA-AF97-A84CA5351009}.Release|x64.ActiveCfg = Release|Any CPU
		{C50174B0-DAE2-4AEA-AF97-A84CA5351009}.Release|x64.Build.0 = Release|Any CPU
		{C50174B0-DAE2-4AEA-AF97-A84CA5351009}.Release|x86.ActiveCfg = Release|Any CPU
		{C50174B0-DAE2-4AEA-AF97-A84CA5351009}.Release|x86.Build.0 = Release|Any CPU
		{56C40A3D-1F77-4BCA-8EF5-50FD6F5F1927}.Debug|Any CPU.ActiveCfg = Debug|Any CPU
		{56C40A3D-1F77-4BCA-8EF5-50FD6F5F1927}.Debug|Any CPU.Build.0 = Debug|Any CPU
		{56C40A3D-1F77-4BCA-8EF5-50FD6F5F1927}.Debug|x64.ActiveCfg = Debug|Any CPU
		{56C40A3D-1F77-4BCA-8EF5-50FD6F5F1927}.Debug|x64.Build.0 = Debug|Any CPU
		{56C40A3D-1F77-4BCA-8EF5-50FD6F5F1927}.Debug|x86.ActiveCfg = Debug|Any CPU
		{56C40A3D-1F77-4BCA-8EF5-50FD6F5F1927}.Debug|x86.Build.0 = Debug|Any CPU
		{56C40A3D-1F77-4BCA-8EF5-50FD6F5F1927}.Release|Any CPU.ActiveCfg = Release|Any CPU
		{56C40A3D-1F77-4BCA-8EF5-50FD6F5F1927}.Release|Any CPU.Build.0 = Release|Any CPU
		{56C40A3D-1F77-4BCA-8EF5-50FD6F5F1927}.Release|x64.ActiveCfg = Release|Any CPU
		{56C40A3D-1F77-4BCA-8EF5-50FD6F5F1927}.Release|x64.Build.0 = Release|Any CPU
		{56C40A3D-1F77-4BCA-8EF5-50FD6F5F1927}.Release|x86.ActiveCfg = Release|Any CPU
		{56C40A3D-1F77-4BCA-8EF5-50FD6F5F1927}.Release|x86.Build.0 = Release|Any CPU
		{C79115AC-200B-424E-98F2-645CB9014825}.Debug|Any CPU.ActiveCfg = Debug|Any CPU
		{C79115AC-200B-424E-98F2-645CB9014825}.Debug|Any CPU.Build.0 = Debug|Any CPU
		{C79115AC-200B-424E-98F2-645CB9014825}.Debug|x64.ActiveCfg = Debug|Any CPU
		{C79115AC-200B-424E-98F2-645CB9014825}.Debug|x64.Build.0 = Debug|Any CPU
		{C79115AC-200B-424E-98F2-645CB9014825}.Debug|x86.ActiveCfg = Debug|Any CPU
		{C79115AC-200B-424E-98F2-645CB9014825}.Debug|x86.Build.0 = Debug|Any CPU
		{C79115AC-200B-424E-98F2-645CB9014825}.Release|Any CPU.ActiveCfg = Release|Any CPU
		{C79115AC-200B-424E-98F2-645CB9014825}.Release|Any CPU.Build.0 = Release|Any CPU
		{C79115AC-200B-424E-98F2-645CB9014825}.Release|x64.ActiveCfg = Release|Any CPU
		{C79115AC-200B-424E-98F2-645CB9014825}.Release|x64.Build.0 = Release|Any CPU
		{C79115AC-200B-424E-98F2-645CB9014825}.Release|x86.ActiveCfg = Release|Any CPU
		{C79115AC-200B-424E-98F2-645CB9014825}.Release|x86.Build.0 = Release|Any CPU
		{631B6608-72B2-4227-AEDD-D43894088C5A}.Debug|Any CPU.ActiveCfg = Debug|Any CPU
		{631B6608-72B2-4227-AEDD-D43894088C5A}.Debug|Any CPU.Build.0 = Debug|Any CPU
		{631B6608-72B2-4227-AEDD-D43894088C5A}.Debug|x64.ActiveCfg = Debug|Any CPU
		{631B6608-72B2-4227-AEDD-D43894088C5A}.Debug|x64.Build.0 = Debug|Any CPU
		{631B6608-72B2-4227-AEDD-D43894088C5A}.Debug|x86.ActiveCfg = Debug|Any CPU
		{631B6608-72B2-4227-AEDD-D43894088C5A}.Debug|x86.Build.0 = Debug|Any CPU
		{631B6608-72B2-4227-AEDD-D43894088C5A}.Release|Any CPU.ActiveCfg = Release|Any CPU
		{631B6608-72B2-4227-AEDD-D43894088C5A}.Release|Any CPU.Build.0 = Release|Any CPU
		{631B6608-72B2-4227-AEDD-D43894088C5A}.Release|x64.ActiveCfg = Release|Any CPU
		{631B6608-72B2-4227-AEDD-D43894088C5A}.Release|x64.Build.0 = Release|Any CPU
		{631B6608-72B2-4227-AEDD-D43894088C5A}.Release|x86.ActiveCfg = Release|Any CPU
		{631B6608-72B2-4227-AEDD-D43894088C5A}.Release|x86.Build.0 = Release|Any CPU
		{6DA05C6B-70B2-4305-AB21-EAF63CF116C2}.Debug|Any CPU.ActiveCfg = Debug|Any CPU
		{6DA05C6B-70B2-4305-AB21-EAF63CF116C2}.Debug|Any CPU.Build.0 = Debug|Any CPU
		{6DA05C6B-70B2-4305-AB21-EAF63CF116C2}.Debug|x64.ActiveCfg = Debug|Any CPU
		{6DA05C6B-70B2-4305-AB21-EAF63CF116C2}.Debug|x64.Build.0 = Debug|Any CPU
		{6DA05C6B-70B2-4305-AB21-EAF63CF116C2}.Debug|x86.ActiveCfg = Debug|Any CPU
		{6DA05C6B-70B2-4305-AB21-EAF63CF116C2}.Debug|x86.Build.0 = Debug|Any CPU
		{6DA05C6B-70B2-4305-AB21-EAF63CF116C2}.Release|Any CPU.ActiveCfg = Release|Any CPU
		{6DA05C6B-70B2-4305-AB21-EAF63CF116C2}.Release|Any CPU.Build.0 = Release|Any CPU
		{6DA05C6B-70B2-4305-AB21-EAF63CF116C2}.Release|x64.ActiveCfg = Release|Any CPU
		{6DA05C6B-70B2-4305-AB21-EAF63CF116C2}.Release|x64.Build.0 = Release|Any CPU
		{6DA05C6B-70B2-4305-AB21-EAF63CF116C2}.Release|x86.ActiveCfg = Release|Any CPU
		{6DA05C6B-70B2-4305-AB21-EAF63CF116C2}.Release|x86.Build.0 = Release|Any CPU
		{56D943CA-AEBC-4D1B-A99A-83C6638D14F5}.Debug|Any CPU.ActiveCfg = Debug|Any CPU
		{56D943CA-AEBC-4D1B-A99A-83C6638D14F5}.Debug|Any CPU.Build.0 = Debug|Any CPU
		{56D943CA-AEBC-4D1B-A99A-83C6638D14F5}.Debug|x64.ActiveCfg = Debug|Any CPU
		{56D943CA-AEBC-4D1B-A99A-83C6638D14F5}.Debug|x64.Build.0 = Debug|Any CPU
		{56D943CA-AEBC-4D1B-A99A-83C6638D14F5}.Debug|x86.ActiveCfg = Debug|Any CPU
		{56D943CA-AEBC-4D1B-A99A-83C6638D14F5}.Debug|x86.Build.0 = Debug|Any CPU
		{56D943CA-AEBC-4D1B-A99A-83C6638D14F5}.Release|Any CPU.ActiveCfg = Release|Any CPU
		{56D943CA-AEBC-4D1B-A99A-83C6638D14F5}.Release|Any CPU.Build.0 = Release|Any CPU
		{56D943CA-AEBC-4D1B-A99A-83C6638D14F5}.Release|x64.ActiveCfg = Release|Any CPU
		{56D943CA-AEBC-4D1B-A99A-83C6638D14F5}.Release|x64.Build.0 = Release|Any CPU
		{56D943CA-AEBC-4D1B-A99A-83C6638D14F5}.Release|x86.ActiveCfg = Release|Any CPU
		{56D943CA-AEBC-4D1B-A99A-83C6638D14F5}.Release|x86.Build.0 = Release|Any CPU
		{6D0DB44D-2F9E-4B4E-B3A0-2B509FF9648D}.Debug|Any CPU.ActiveCfg = Debug|Any CPU
		{6D0DB44D-2F9E-4B4E-B3A0-2B509FF9648D}.Debug|Any CPU.Build.0 = Debug|Any CPU
		{6D0DB44D-2F9E-4B4E-B3A0-2B509FF9648D}.Debug|x64.ActiveCfg = Debug|Any CPU
		{6D0DB44D-2F9E-4B4E-B3A0-2B509FF9648D}.Debug|x64.Build.0 = Debug|Any CPU
		{6D0DB44D-2F9E-4B4E-B3A0-2B509FF9648D}.Debug|x86.ActiveCfg = Debug|Any CPU
		{6D0DB44D-2F9E-4B4E-B3A0-2B509FF9648D}.Debug|x86.Build.0 = Debug|Any CPU
		{6D0DB44D-2F9E-4B4E-B3A0-2B509FF9648D}.Release|Any CPU.ActiveCfg = Release|Any CPU
		{6D0DB44D-2F9E-4B4E-B3A0-2B509FF9648D}.Release|Any CPU.Build.0 = Release|Any CPU
		{6D0DB44D-2F9E-4B4E-B3A0-2B509FF9648D}.Release|x64.ActiveCfg = Release|Any CPU
		{6D0DB44D-2F9E-4B4E-B3A0-2B509FF9648D}.Release|x64.Build.0 = Release|Any CPU
		{6D0DB44D-2F9E-4B4E-B3A0-2B509FF9648D}.Release|x86.ActiveCfg = Release|Any CPU
		{6D0DB44D-2F9E-4B4E-B3A0-2B509FF9648D}.Release|x86.Build.0 = Release|Any CPU
		{633E6906-5128-48D5-8D45-57A6F302AEA7}.Debug|Any CPU.ActiveCfg = Debug|Any CPU
		{633E6906-5128-48D5-8D45-57A6F302AEA7}.Debug|Any CPU.Build.0 = Debug|Any CPU
		{633E6906-5128-48D5-8D45-57A6F302AEA7}.Debug|x64.ActiveCfg = Debug|Any CPU
		{633E6906-5128-48D5-8D45-57A6F302AEA7}.Debug|x64.Build.0 = Debug|Any CPU
		{633E6906-5128-48D5-8D45-57A6F302AEA7}.Debug|x86.ActiveCfg = Debug|Any CPU
		{633E6906-5128-48D5-8D45-57A6F302AEA7}.Debug|x86.Build.0 = Debug|Any CPU
		{633E6906-5128-48D5-8D45-57A6F302AEA7}.Release|Any CPU.ActiveCfg = Release|Any CPU
		{633E6906-5128-48D5-8D45-57A6F302AEA7}.Release|Any CPU.Build.0 = Release|Any CPU
		{633E6906-5128-48D5-8D45-57A6F302AEA7}.Release|x64.ActiveCfg = Release|Any CPU
		{633E6906-5128-48D5-8D45-57A6F302AEA7}.Release|x64.Build.0 = Release|Any CPU
		{633E6906-5128-48D5-8D45-57A6F302AEA7}.Release|x86.ActiveCfg = Release|Any CPU
		{633E6906-5128-48D5-8D45-57A6F302AEA7}.Release|x86.Build.0 = Release|Any CPU
		{CC273EDD-DA1D-4836-825E-B18FE440C72C}.Debug|Any CPU.ActiveCfg = Debug|Any CPU
		{CC273EDD-DA1D-4836-825E-B18FE440C72C}.Debug|Any CPU.Build.0 = Debug|Any CPU
		{CC273EDD-DA1D-4836-825E-B18FE440C72C}.Debug|x64.ActiveCfg = Debug|Any CPU
		{CC273EDD-DA1D-4836-825E-B18FE440C72C}.Debug|x64.Build.0 = Debug|Any CPU
		{CC273EDD-DA1D-4836-825E-B18FE440C72C}.Debug|x86.ActiveCfg = Debug|Any CPU
		{CC273EDD-DA1D-4836-825E-B18FE440C72C}.Debug|x86.Build.0 = Debug|Any CPU
		{CC273EDD-DA1D-4836-825E-B18FE440C72C}.Release|Any CPU.ActiveCfg = Release|Any CPU
		{CC273EDD-DA1D-4836-825E-B18FE440C72C}.Release|Any CPU.Build.0 = Release|Any CPU
		{CC273EDD-DA1D-4836-825E-B18FE440C72C}.Release|x64.ActiveCfg = Release|Any CPU
		{CC273EDD-DA1D-4836-825E-B18FE440C72C}.Release|x64.Build.0 = Release|Any CPU
		{CC273EDD-DA1D-4836-825E-B18FE440C72C}.Release|x86.ActiveCfg = Release|Any CPU
		{CC273EDD-DA1D-4836-825E-B18FE440C72C}.Release|x86.Build.0 = Release|Any CPU
		{FD8C8DBF-F3C4-4C9F-9FA3-B8A9B25509A9}.Debug|Any CPU.ActiveCfg = Debug|Any CPU
		{FD8C8DBF-F3C4-4C9F-9FA3-B8A9B25509A9}.Debug|Any CPU.Build.0 = Debug|Any CPU
		{FD8C8DBF-F3C4-4C9F-9FA3-B8A9B25509A9}.Debug|x64.ActiveCfg = Debug|Any CPU
		{FD8C8DBF-F3C4-4C9F-9FA3-B8A9B25509A9}.Debug|x64.Build.0 = Debug|Any CPU
		{FD8C8DBF-F3C4-4C9F-9FA3-B8A9B25509A9}.Debug|x86.ActiveCfg = Debug|Any CPU
		{FD8C8DBF-F3C4-4C9F-9FA3-B8A9B25509A9}.Debug|x86.Build.0 = Debug|Any CPU
		{FD8C8DBF-F3C4-4C9F-9FA3-B8A9B25509A9}.Release|Any CPU.ActiveCfg = Release|Any CPU
		{FD8C8DBF-F3C4-4C9F-9FA3-B8A9B25509A9}.Release|Any CPU.Build.0 = Release|Any CPU
		{FD8C8DBF-F3C4-4C9F-9FA3-B8A9B25509A9}.Release|x64.ActiveCfg = Release|Any CPU
		{FD8C8DBF-F3C4-4C9F-9FA3-B8A9B25509A9}.Release|x64.Build.0 = Release|Any CPU
		{FD8C8DBF-F3C4-4C9F-9FA3-B8A9B25509A9}.Release|x86.ActiveCfg = Release|Any CPU
		{FD8C8DBF-F3C4-4C9F-9FA3-B8A9B25509A9}.Release|x86.Build.0 = Release|Any CPU
		{D82CAFC8-A561-44BF-A03D-12BC9F9E0AB9}.Debug|Any CPU.ActiveCfg = Debug|Any CPU
		{D82CAFC8-A561-44BF-A03D-12BC9F9E0AB9}.Debug|Any CPU.Build.0 = Debug|Any CPU
		{D82CAFC8-A561-44BF-A03D-12BC9F9E0AB9}.Debug|x64.ActiveCfg = Debug|Any CPU
		{D82CAFC8-A561-44BF-A03D-12BC9F9E0AB9}.Debug|x64.Build.0 = Debug|Any CPU
		{D82CAFC8-A561-44BF-A03D-12BC9F9E0AB9}.Debug|x86.ActiveCfg = Debug|Any CPU
		{D82CAFC8-A561-44BF-A03D-12BC9F9E0AB9}.Debug|x86.Build.0 = Debug|Any CPU
		{D82CAFC8-A561-44BF-A03D-12BC9F9E0AB9}.Release|Any CPU.ActiveCfg = Release|Any CPU
		{D82CAFC8-A561-44BF-A03D-12BC9F9E0AB9}.Release|Any CPU.Build.0 = Release|Any CPU
		{D82CAFC8-A561-44BF-A03D-12BC9F9E0AB9}.Release|x64.ActiveCfg = Release|Any CPU
		{D82CAFC8-A561-44BF-A03D-12BC9F9E0AB9}.Release|x64.Build.0 = Release|Any CPU
		{D82CAFC8-A561-44BF-A03D-12BC9F9E0AB9}.Release|x86.ActiveCfg = Release|Any CPU
		{D82CAFC8-A561-44BF-A03D-12BC9F9E0AB9}.Release|x86.Build.0 = Release|Any CPU
		{1D77940E-4855-4DFD-98EA-11E4E3E61A51}.Debug|Any CPU.ActiveCfg = Debug|Any CPU
		{1D77940E-4855-4DFD-98EA-11E4E3E61A51}.Debug|Any CPU.Build.0 = Debug|Any CPU
		{1D77940E-4855-4DFD-98EA-11E4E3E61A51}.Debug|x64.ActiveCfg = Debug|Any CPU
		{1D77940E-4855-4DFD-98EA-11E4E3E61A51}.Debug|x64.Build.0 = Debug|Any CPU
		{1D77940E-4855-4DFD-98EA-11E4E3E61A51}.Debug|x86.ActiveCfg = Debug|Any CPU
		{1D77940E-4855-4DFD-98EA-11E4E3E61A51}.Debug|x86.Build.0 = Debug|Any CPU
		{1D77940E-4855-4DFD-98EA-11E4E3E61A51}.Release|Any CPU.ActiveCfg = Release|Any CPU
		{1D77940E-4855-4DFD-98EA-11E4E3E61A51}.Release|Any CPU.Build.0 = Release|Any CPU
		{1D77940E-4855-4DFD-98EA-11E4E3E61A51}.Release|x64.ActiveCfg = Release|Any CPU
		{1D77940E-4855-4DFD-98EA-11E4E3E61A51}.Release|x64.Build.0 = Release|Any CPU
		{1D77940E-4855-4DFD-98EA-11E4E3E61A51}.Release|x86.ActiveCfg = Release|Any CPU
		{1D77940E-4855-4DFD-98EA-11E4E3E61A51}.Release|x86.Build.0 = Release|Any CPU
		{2A437E3A-245E-445E-9A08-27AB1FCC3F50}.Debug|Any CPU.ActiveCfg = Debug|Any CPU
		{2A437E3A-245E-445E-9A08-27AB1FCC3F50}.Debug|Any CPU.Build.0 = Debug|Any CPU
		{2A437E3A-245E-445E-9A08-27AB1FCC3F50}.Debug|x64.ActiveCfg = Debug|Any CPU
		{2A437E3A-245E-445E-9A08-27AB1FCC3F50}.Debug|x64.Build.0 = Debug|Any CPU
		{2A437E3A-245E-445E-9A08-27AB1FCC3F50}.Debug|x86.ActiveCfg = Debug|Any CPU
		{2A437E3A-245E-445E-9A08-27AB1FCC3F50}.Debug|x86.Build.0 = Debug|Any CPU
		{2A437E3A-245E-445E-9A08-27AB1FCC3F50}.Release|Any CPU.ActiveCfg = Release|Any CPU
		{2A437E3A-245E-445E-9A08-27AB1FCC3F50}.Release|Any CPU.Build.0 = Release|Any CPU
		{2A437E3A-245E-445E-9A08-27AB1FCC3F50}.Release|x64.ActiveCfg = Release|Any CPU
		{2A437E3A-245E-445E-9A08-27AB1FCC3F50}.Release|x64.Build.0 = Release|Any CPU
		{2A437E3A-245E-445E-9A08-27AB1FCC3F50}.Release|x86.ActiveCfg = Release|Any CPU
		{2A437E3A-245E-445E-9A08-27AB1FCC3F50}.Release|x86.Build.0 = Release|Any CPU
		{9C6815B8-BE8B-495D-AAF8-7D179C3EAFB3}.Debug|Any CPU.ActiveCfg = Debug|Any CPU
		{9C6815B8-BE8B-495D-AAF8-7D179C3EAFB3}.Debug|Any CPU.Build.0 = Debug|Any CPU
		{9C6815B8-BE8B-495D-AAF8-7D179C3EAFB3}.Debug|x64.ActiveCfg = Debug|Any CPU
		{9C6815B8-BE8B-495D-AAF8-7D179C3EAFB3}.Debug|x64.Build.0 = Debug|Any CPU
		{9C6815B8-BE8B-495D-AAF8-7D179C3EAFB3}.Debug|x86.ActiveCfg = Debug|Any CPU
		{9C6815B8-BE8B-495D-AAF8-7D179C3EAFB3}.Debug|x86.Build.0 = Debug|Any CPU
		{9C6815B8-BE8B-495D-AAF8-7D179C3EAFB3}.Release|Any CPU.ActiveCfg = Release|Any CPU
		{9C6815B8-BE8B-495D-AAF8-7D179C3EAFB3}.Release|Any CPU.Build.0 = Release|Any CPU
		{9C6815B8-BE8B-495D-AAF8-7D179C3EAFB3}.Release|x64.ActiveCfg = Release|Any CPU
		{9C6815B8-BE8B-495D-AAF8-7D179C3EAFB3}.Release|x64.Build.0 = Release|Any CPU
		{9C6815B8-BE8B-495D-AAF8-7D179C3EAFB3}.Release|x86.ActiveCfg = Release|Any CPU
		{9C6815B8-BE8B-495D-AAF8-7D179C3EAFB3}.Release|x86.Build.0 = Release|Any CPU
		{1F3136F6-B33C-464A-ADAF-2A32F44F36BA}.Debug|Any CPU.ActiveCfg = Debug|Any CPU
		{1F3136F6-B33C-464A-ADAF-2A32F44F36BA}.Debug|Any CPU.Build.0 = Debug|Any CPU
		{1F3136F6-B33C-464A-ADAF-2A32F44F36BA}.Debug|x64.ActiveCfg = Debug|Any CPU
		{1F3136F6-B33C-464A-ADAF-2A32F44F36BA}.Debug|x64.Build.0 = Debug|Any CPU
		{1F3136F6-B33C-464A-ADAF-2A32F44F36BA}.Debug|x86.ActiveCfg = Debug|Any CPU
		{1F3136F6-B33C-464A-ADAF-2A32F44F36BA}.Debug|x86.Build.0 = Debug|Any CPU
		{1F3136F6-B33C-464A-ADAF-2A32F44F36BA}.Release|Any CPU.ActiveCfg = Release|Any CPU
		{1F3136F6-B33C-464A-ADAF-2A32F44F36BA}.Release|Any CPU.Build.0 = Release|Any CPU
		{1F3136F6-B33C-464A-ADAF-2A32F44F36BA}.Release|x64.ActiveCfg = Release|Any CPU
		{1F3136F6-B33C-464A-ADAF-2A32F44F36BA}.Release|x64.Build.0 = Release|Any CPU
		{1F3136F6-B33C-464A-ADAF-2A32F44F36BA}.Release|x86.ActiveCfg = Release|Any CPU
		{1F3136F6-B33C-464A-ADAF-2A32F44F36BA}.Release|x86.Build.0 = Release|Any CPU
		{ED87A1A1-3702-447B-9E37-F8602CFCEEE3}.Debug|Any CPU.ActiveCfg = Debug|Any CPU
		{ED87A1A1-3702-447B-9E37-F8602CFCEEE3}.Debug|Any CPU.Build.0 = Debug|Any CPU
		{ED87A1A1-3702-447B-9E37-F8602CFCEEE3}.Debug|x64.ActiveCfg = Debug|Any CPU
		{ED87A1A1-3702-447B-9E37-F8602CFCEEE3}.Debug|x64.Build.0 = Debug|Any CPU
		{ED87A1A1-3702-447B-9E37-F8602CFCEEE3}.Debug|x86.ActiveCfg = Debug|Any CPU
		{ED87A1A1-3702-447B-9E37-F8602CFCEEE3}.Debug|x86.Build.0 = Debug|Any CPU
		{ED87A1A1-3702-447B-9E37-F8602CFCEEE3}.Release|Any CPU.ActiveCfg = Release|Any CPU
		{ED87A1A1-3702-447B-9E37-F8602CFCEEE3}.Release|Any CPU.Build.0 = Release|Any CPU
		{ED87A1A1-3702-447B-9E37-F8602CFCEEE3}.Release|x64.ActiveCfg = Release|Any CPU
		{ED87A1A1-3702-447B-9E37-F8602CFCEEE3}.Release|x64.Build.0 = Release|Any CPU
		{ED87A1A1-3702-447B-9E37-F8602CFCEEE3}.Release|x86.ActiveCfg = Release|Any CPU
		{ED87A1A1-3702-447B-9E37-F8602CFCEEE3}.Release|x86.Build.0 = Release|Any CPU
		{D074E836-B661-4051-8244-B20B45421C9E}.Debug|Any CPU.ActiveCfg = Debug|Any CPU
		{D074E836-B661-4051-8244-B20B45421C9E}.Debug|Any CPU.Build.0 = Debug|Any CPU
		{D074E836-B661-4051-8244-B20B45421C9E}.Debug|x64.ActiveCfg = Debug|Any CPU
		{D074E836-B661-4051-8244-B20B45421C9E}.Debug|x64.Build.0 = Debug|Any CPU
		{D074E836-B661-4051-8244-B20B45421C9E}.Debug|x86.ActiveCfg = Debug|Any CPU
		{D074E836-B661-4051-8244-B20B45421C9E}.Debug|x86.Build.0 = Debug|Any CPU
		{D074E836-B661-4051-8244-B20B45421C9E}.Release|Any CPU.ActiveCfg = Release|Any CPU
		{D074E836-B661-4051-8244-B20B45421C9E}.Release|Any CPU.Build.0 = Release|Any CPU
		{D074E836-B661-4051-8244-B20B45421C9E}.Release|x64.ActiveCfg = Release|Any CPU
		{D074E836-B661-4051-8244-B20B45421C9E}.Release|x64.Build.0 = Release|Any CPU
		{D074E836-B661-4051-8244-B20B45421C9E}.Release|x86.ActiveCfg = Release|Any CPU
		{D074E836-B661-4051-8244-B20B45421C9E}.Release|x86.Build.0 = Release|Any CPU
		{5D3FE65B-F03C-4C49-A285-B9AD46239DC0}.Debug|Any CPU.ActiveCfg = Debug|Any CPU
		{5D3FE65B-F03C-4C49-A285-B9AD46239DC0}.Debug|Any CPU.Build.0 = Debug|Any CPU
		{5D3FE65B-F03C-4C49-A285-B9AD46239DC0}.Debug|x64.ActiveCfg = Debug|Any CPU
		{5D3FE65B-F03C-4C49-A285-B9AD46239DC0}.Debug|x64.Build.0 = Debug|Any CPU
		{5D3FE65B-F03C-4C49-A285-B9AD46239DC0}.Debug|x86.ActiveCfg = Debug|Any CPU
		{5D3FE65B-F03C-4C49-A285-B9AD46239DC0}.Debug|x86.Build.0 = Debug|Any CPU
		{5D3FE65B-F03C-4C49-A285-B9AD46239DC0}.Release|Any CPU.ActiveCfg = Release|Any CPU
		{5D3FE65B-F03C-4C49-A285-B9AD46239DC0}.Release|Any CPU.Build.0 = Release|Any CPU
		{5D3FE65B-F03C-4C49-A285-B9AD46239DC0}.Release|x64.ActiveCfg = Release|Any CPU
		{5D3FE65B-F03C-4C49-A285-B9AD46239DC0}.Release|x64.Build.0 = Release|Any CPU
		{5D3FE65B-F03C-4C49-A285-B9AD46239DC0}.Release|x86.ActiveCfg = Release|Any CPU
		{5D3FE65B-F03C-4C49-A285-B9AD46239DC0}.Release|x86.Build.0 = Release|Any CPU
	EndGlobalSection
	GlobalSection(SolutionProperties) = preSolution
		HideSolutionNode = FALSE
	EndGlobalSection
	GlobalSection(NestedProjects) = preSolution
		{A9433D53-F8E2-4176-BE29-74FD1C2237FF} = {39D86230-87BF-41A0-9DE6-E93E1E745B72}
		{C50174B0-DAE2-4AEA-AF97-A84CA5351009} = {39D86230-87BF-41A0-9DE6-E93E1E745B72}
		{56C40A3D-1F77-4BCA-8EF5-50FD6F5F1927} = {39D86230-87BF-41A0-9DE6-E93E1E745B72}
		{C79115AC-200B-424E-98F2-645CB9014825} = {39D86230-87BF-41A0-9DE6-E93E1E745B72}
		{631B6608-72B2-4227-AEDD-D43894088C5A} = {6EA47F83-A4EE-4720-83C0-A4CDACE35072}
		{6DA05C6B-70B2-4305-AB21-EAF63CF116C2} = {39D86230-87BF-41A0-9DE6-E93E1E745B72}
		{56D943CA-AEBC-4D1B-A99A-83C6638D14F5} = {39D86230-87BF-41A0-9DE6-E93E1E745B72}
		{6D0DB44D-2F9E-4B4E-B3A0-2B509FF9648D} = {39D86230-87BF-41A0-9DE6-E93E1E745B72}
		{633E6906-5128-48D5-8D45-57A6F302AEA7} = {39D86230-87BF-41A0-9DE6-E93E1E745B72}
		{CC273EDD-DA1D-4836-825E-B18FE440C72C} = {FC732093-25CA-4E60-873B-904A1F37A95A}
		{FD8C8DBF-F3C4-4C9F-9FA3-B8A9B25509A9} = {FC732093-25CA-4E60-873B-904A1F37A95A}
		{D82CAFC8-A561-44BF-A03D-12BC9F9E0AB9} = {FC732093-25CA-4E60-873B-904A1F37A95A}
		{1D77940E-4855-4DFD-98EA-11E4E3E61A51} = {6EA47F83-A4EE-4720-83C0-A4CDACE35072}
		{2A437E3A-245E-445E-9A08-27AB1FCC3F50} = {FC732093-25CA-4E60-873B-904A1F37A95A}
		{9C6815B8-BE8B-495D-AAF8-7D179C3EAFB3} = {FC732093-25CA-4E60-873B-904A1F37A95A}
		{1F3136F6-B33C-464A-ADAF-2A32F44F36BA} = {FC732093-25CA-4E60-873B-904A1F37A95A}
		{ED87A1A1-3702-447B-9E37-F8602CFCEEE3} = {FC732093-25CA-4E60-873B-904A1F37A95A}
		{D074E836-B661-4051-8244-B20B45421C9E} = {FC732093-25CA-4E60-873B-904A1F37A95A}
		{D7B7DD02-4892-423C-B300-0152AA94E619} = {39D86230-87BF-41A0-9DE6-E93E1E745B72}
		{5D3FE65B-F03C-4C49-A285-B9AD46239DC0} = {D7B7DD02-4892-423C-B300-0152AA94E619}
	EndGlobalSection
	GlobalSection(ExtensibilityGlobals) = postSolution
		SolutionGuid = {059A5345-2230-4325-9DD5-39005545F1DA}
	EndGlobalSection
EndGlobal
